
Microsoft Visual Studio Solution File, Format Version 12.00
# Visual Studio Version 17
VisualStudioVersion = 17.14.36221.1 d17.14
MinimumVisualStudioVersion = 10.0.40219.1
Project("{FAE04EC0-301F-11D3-BF4B-00C04F79EFBC}") = "sistema_gestion_escolar", "sistema_gestion_escolar.csproj", "{070AD005-FE8F-4ACE-A44B-9F4BC0C6FA1F}"
EndProject
Global
	GlobalSection(SolutionConfigurationPlatforms) = preSolution
		Debug|Any CPU = Debug|Any CPU
		Release|Any CPU = Release|Any CPU
	EndGlobalSection
	GlobalSection(ProjectConfigurationPlatforms) = postSolution
		{070AD005-FE8F-4ACE-A44B-9F4BC0C6FA1F}.Debug|Any CPU.ActiveCfg = Debug|Any CPU
		{070AD005-FE8F-4ACE-A44B-9F4BC0C6FA1F}.Debug|Any CPU.Build.0 = Debug|Any CPU
		{070AD005-FE8F-4ACE-A44B-9F4BC0C6FA1F}.Release|Any CPU.ActiveCfg = Release|Any CPU
		{070AD005-FE8F-4ACE-A44B-9F4BC0C6FA1F}.Release|Any CPU.Build.0 = Release|Any CPU
	EndGlobalSection
	GlobalSection(SolutionProperties) = preSolution
		HideSolutionNode = FALSE
	EndGlobalSection
	GlobalSection(ExtensibilityGlobals) = postSolution
		SolutionGuid = {BC6E7985-3954-4D94-BF9D-80D851A0424F}
	EndGlobalSection
EndGlobal
